
Microsoft Visual Studio Solution File, Format Version 12.00
# Visual Studio Version 17
VisualStudioVersion = 17.0.32112.339
MinimumVisualStudioVersion = 10.0.40219.1
Project("{FAE04EC0-301F-11D3-BF4B-00C04F79EFBC}") = "ConsoleApp5", "ConsoleApp5\ConsoleApp5.csproj", "{65791864-3C12-436C-95CC-2ADEEA89F4FC}"
EndProject
Global
	GlobalSection(SolutionConfigurationPlatforms) = preSolution
		Debug|Any CPU = Debug|Any CPU
		Release|Any CPU = Release|Any CPU
	EndGlobalSection
	GlobalSection(ProjectConfigurationPlatforms) = postSolution
		{65791864-3C12-436C-95CC-2ADEEA89F4FC}.Debug|Any CPU.ActiveCfg = Debug|Any CPU
		{65791864-3C12-436C-95CC-2ADEEA89F4FC}.Debug|Any CPU.Build.0 = Debug|Any CPU
		{65791864-3C12-436C-95CC-2ADEEA89F4FC}.Release|Any CPU.ActiveCfg = Release|Any CPU
		{65791864-3C12-436C-95CC-2ADEEA89F4FC}.Release|Any CPU.Build.0 = Release|Any CPU
	EndGlobalSection
	GlobalSection(SolutionProperties) = preSolution
		HideSolutionNode = FALSE
	EndGlobalSection
	GlobalSection(ExtensibilityGlobals) = postSolution
		SolutionGuid = {FEC658D4-48AF-4875-B87E-4B76E054EF23}
	EndGlobalSection
EndGlobal
